// !$*UTF8*$!
{
	archiveVersion = 1;
	classes = {
	};
	objectVersion = 46;
	objects = {

/* Begin PBXBuildFile section */
		0329C6AA136B4BC100ADD84D /* gl_utils.cpp in Sources */ = {isa = PBXBuildFile; fileRef = 0329C6A8136B4BC100ADD84D /* gl_utils.cpp */; };
		0329C6AB136B4BC100ADD84D /* gl_utils.cpp in Sources */ = {isa = PBXBuildFile; fileRef = 0329C6A8136B4BC100ADD84D /* gl_utils.cpp */; };
		0329C6AC136B4BC100ADD84D /* gl_utils.hpp in Headers */ = {isa = PBXBuildFile; fileRef = 0329C6A9136B4BC100ADD84D /* gl_utils.hpp */; };
		0329C6AD136B4BC100ADD84D /* gl_utils.hpp in Headers */ = {isa = PBXBuildFile; fileRef = 0329C6A9136B4BC100ADD84D /* gl_utils.hpp */; };
		03790BE11368A31600490499 /* UIViewUtils.h in Headers */ = {isa = PBXBuildFile; fileRef = 03790BDF1368A31600490499 /* UIViewUtils.h */; };
		03790BE21368A31600490499 /* UIViewUtils.h in Headers */ = {isa = PBXBuildFile; fileRef = 03790BDF1368A31600490499 /* UIViewUtils.h */; };
		03790BE31368A31600490499 /* UIViewUtils.mm in Sources */ = {isa = PBXBuildFile; fileRef = 03790BE01368A31600490499 /* UIViewUtils.mm */; };
		03790BE41368A31600490499 /* UIViewUtils.mm in Sources */ = {isa = PBXBuildFile; fileRef = 03790BE01368A31600490499 /* UIViewUtils.mm */; };
		03790BE81368A36800490499 /* CGUtils.h in Headers */ = {isa = PBXBuildFile; fileRef = 03790BE61368A36800490499 /* CGUtils.h */; };
		03790BE91368A36800490499 /* CGUtils.h in Headers */ = {isa = PBXBuildFile; fileRef = 03790BE61368A36800490499 /* CGUtils.h */; };
		03790BEA1368A36800490499 /* CGUtils.mm in Sources */ = {isa = PBXBuildFile; fileRef = 03790BE71368A36800490499 /* CGUtils.mm */; };
		03790BEB1368A36800490499 /* CGUtils.mm in Sources */ = {isa = PBXBuildFile; fileRef = 03790BE71368A36800490499 /* CGUtils.mm */; };
		03790BEE1368A3F200490499 /* random.cpp in Sources */ = {isa = PBXBuildFile; fileRef = 03790BEC1368A3F200490499 /* random.cpp */; };
		03790BEF1368A3F200490499 /* random.cpp in Sources */ = {isa = PBXBuildFile; fileRef = 03790BEC1368A3F200490499 /* random.cpp */; };
		03790BF01368A3F200490499 /* random.hpp in Headers */ = {isa = PBXBuildFile; fileRef = 03790BED1368A3F200490499 /* random.hpp */; };
		03790BF11368A3F200490499 /* random.hpp in Headers */ = {isa = PBXBuildFile; fileRef = 03790BED1368A3F200490499 /* random.hpp */; };
		03790C111368A63300490499 /* Geom.h in Headers */ = {isa = PBXBuildFile; fileRef = 03790C0F1368A63300490499 /* Geom.h */; };
		03790C121368A63300490499 /* Geom.h in Headers */ = {isa = PBXBuildFile; fileRef = 03790C0F1368A63300490499 /* Geom.h */; };
		03790C131368A63300490499 /* Geom.m in Sources */ = {isa = PBXBuildFile; fileRef = 03790C101368A63300490499 /* Geom.m */; };
		03790C141368A63300490499 /* Geom.m in Sources */ = {isa = PBXBuildFile; fileRef = 03790C101368A63300490499 /* Geom.m */; };
		03790C181368A6F400490499 /* UIColorUtils.h in Headers */ = {isa = PBXBuildFile; fileRef = 03790C161368A6F400490499 /* UIColorUtils.h */; };
		03790C191368A6F400490499 /* UIColorUtils.h in Headers */ = {isa = PBXBuildFile; fileRef = 03790C161368A6F400490499 /* UIColorUtils.h */; };
		03790C1A1368A6F400490499 /* UIColorUtils.m in Sources */ = {isa = PBXBuildFile; fileRef = 03790C171368A6F400490499 /* UIColorUtils.m */; };
		03790C1B1368A6F400490499 /* UIColorUtils.m in Sources */ = {isa = PBXBuildFile; fileRef = 03790C171368A6F400490499 /* UIColorUtils.m */; };
		03790C1E1368ACA600490499 /* UIImageUtils.h in Headers */ = {isa = PBXBuildFile; fileRef = 03790C1C1368ACA600490499 /* UIImageUtils.h */; };
		03790C1F1368ACA600490499 /* UIImageUtils.h in Headers */ = {isa = PBXBuildFile; fileRef = 03790C1C1368ACA600490499 /* UIImageUtils.h */; };
		03790C201368ACA600490499 /* UIImageUtils.m in Sources */ = {isa = PBXBuildFile; fileRef = 03790C1D1368ACA600490499 /* UIImageUtils.m */; };
		03790C211368ACA600490499 /* UIImageUtils.m in Sources */ = {isa = PBXBuildFile; fileRef = 03790C1D1368ACA600490499 /* UIImageUtils.m */; };
		03790C241368B0F100490499 /* ThreadUtils.h in Headers */ = {isa = PBXBuildFile; fileRef = 03790C221368B0F100490499 /* ThreadUtils.h */; };
		03790C251368B0F100490499 /* ThreadUtils.h in Headers */ = {isa = PBXBuildFile; fileRef = 03790C221368B0F100490499 /* ThreadUtils.h */; };
		03790C261368B0F100490499 /* ThreadUtils.m in Sources */ = {isa = PBXBuildFile; fileRef = 03790C231368B0F100490499 /* ThreadUtils.m */; };
		03790C271368B0F100490499 /* ThreadUtils.m in Sources */ = {isa = PBXBuildFile; fileRef = 03790C231368B0F100490499 /* ThreadUtils.m */; };
		03790C511368D68000490499 /* CGLView.h in Headers */ = {isa = PBXBuildFile; fileRef = 03790C4E1368D67F00490499 /* CGLView.h */; };
		03790C521368D68000490499 /* CGLView.h in Headers */ = {isa = PBXBuildFile; fileRef = 03790C4E1368D67F00490499 /* CGLView.h */; };
		03790C531368D68000490499 /* CGLView.m in Sources */ = {isa = PBXBuildFile; fileRef = 03790C4F1368D67F00490499 /* CGLView.m */; };
		03790C541368D68000490499 /* CGLView.m in Sources */ = {isa = PBXBuildFile; fileRef = 03790C4F1368D67F00490499 /* CGLView.m */; };
		03790C551368D68000490499 /* CGLRenderer.h in Headers */ = {isa = PBXBuildFile; fileRef = 03790C501368D67F00490499 /* CGLRenderer.h */; };
		03790C561368D68000490499 /* CGLRenderer.h in Headers */ = {isa = PBXBuildFile; fileRef = 03790C501368D67F00490499 /* CGLRenderer.h */; };
		03790C591368ED8800490499 /* GLUtils.h in Headers */ = {isa = PBXBuildFile; fileRef = 03790C571368ED8700490499 /* GLUtils.h */; };
		03790C5A1368ED8800490499 /* GLUtils.h in Headers */ = {isa = PBXBuildFile; fileRef = 03790C571368ED8700490499 /* GLUtils.h */; };
		03790C5B1368ED8800490499 /* GLUtils.m in Sources */ = {isa = PBXBuildFile; fileRef = 03790C581368ED8700490499 /* GLUtils.m */; };
		03790C5C1368ED8800490499 /* GLUtils.m in Sources */ = {isa = PBXBuildFile; fileRef = 03790C581368ED8700490499 /* GLUtils.m */; };
		0387902B1366527F008DF901 /* CQuantity.h in Headers */ = {isa = PBXBuildFile; fileRef = 038790291366527F008DF901 /* CQuantity.h */; };
		0387902C1366527F008DF901 /* CQuantity.h in Headers */ = {isa = PBXBuildFile; fileRef = 038790291366527F008DF901 /* CQuantity.h */; };
		0387902D1366527F008DF901 /* CQuantity.m in Sources */ = {isa = PBXBuildFile; fileRef = 0387902A1366527F008DF901 /* CQuantity.m */; };
		0387902E1366527F008DF901 /* CQuantity.m in Sources */ = {isa = PBXBuildFile; fileRef = 0387902A1366527F008DF901 /* CQuantity.m */; };
		03BF4769135CDA22001507D6 /* NibUtils.h in Headers */ = {isa = PBXBuildFile; fileRef = 03BF4767135CDA22001507D6 /* NibUtils.h */; settings = {ATTRIBUTES = (Public, ); }; };
		03BF476A135CDA22001507D6 /* NibUtils.h in Headers */ = {isa = PBXBuildFile; fileRef = 03BF4767135CDA22001507D6 /* NibUtils.h */; settings = {ATTRIBUTES = (Public, ); }; };
		03BF476B135CDA22001507D6 /* NibUtils.m in Sources */ = {isa = PBXBuildFile; fileRef = 03BF4768135CDA22001507D6 /* NibUtils.m */; };
		03BF476C135CDA22001507D6 /* NibUtils.m in Sources */ = {isa = PBXBuildFile; fileRef = 03BF4768135CDA22001507D6 /* NibUtils.m */; };
		03BF47E6135D092E001507D6 /* RKClient+Blocks.h in Headers */ = {isa = PBXBuildFile; fileRef = 03BF47DA135D084A001507D6 /* RKClient+Blocks.h */; settings = {ATTRIBUTES = (Public, ); }; };
		03BF47E7135D0938001507D6 /* RKClient+Blocks.h in Headers */ = {isa = PBXBuildFile; fileRef = 03BF47DA135D084A001507D6 /* RKClient+Blocks.h */; settings = {ATTRIBUTES = (Public, ); }; };
		03C67B3E1358D9F8007D817F /* Foundation.framework in Frameworks */ = {isa = PBXBuildFile; fileRef = 03C67B3D1358D9F8007D817F /* Foundation.framework */; };
		03C67B4E1358DC1E007D817F /* Foundation.framework in Frameworks */ = {isa = PBXBuildFile; fileRef = 03C67B3D1358D9F8007D817F /* Foundation.framework */; };
		03C67B561358DFDB007D817F /* DeviceUtils.h in Headers */ = {isa = PBXBuildFile; fileRef = 03C67B541358DFDB007D817F /* DeviceUtils.h */; settings = {ATTRIBUTES = (Public, ); }; };
		03C67B571358DFDB007D817F /* DeviceUtils.h in Headers */ = {isa = PBXBuildFile; fileRef = 03C67B541358DFDB007D817F /* DeviceUtils.h */; settings = {ATTRIBUTES = (Public, ); }; };
		03C67B581358DFDB007D817F /* DeviceUtils.mm in Sources */ = {isa = PBXBuildFile; fileRef = 03C67B551358DFDB007D817F /* DeviceUtils.mm */; };
		03C67B591358DFDB007D817F /* DeviceUtils.mm in Sources */ = {isa = PBXBuildFile; fileRef = 03C67B551358DFDB007D817F /* DeviceUtils.mm */; };
		03C67BA113590999007D817F /* CLog.h in Headers */ = {isa = PBXBuildFile; fileRef = 03C67B9913590999007D817F /* CLog.h */; settings = {ATTRIBUTES = (Public, ); }; };
		03C67BA213590999007D817F /* CLog.h in Headers */ = {isa = PBXBuildFile; fileRef = 03C67B9913590999007D817F /* CLog.h */; settings = {ATTRIBUTES = (Public, ); }; };
		03C67BA313590999007D817F /* CLog.m in Sources */ = {isa = PBXBuildFile; fileRef = 03C67B9A13590999007D817F /* CLog.m */; };
		03C67BA413590999007D817F /* CLog.m in Sources */ = {isa = PBXBuildFile; fileRef = 03C67B9A13590999007D817F /* CLog.m */; };
		03C67BA513590999007D817F /* ObjectUtils.h in Headers */ = {isa = PBXBuildFile; fileRef = 03C67B9B13590999007D817F /* ObjectUtils.h */; settings = {ATTRIBUTES = (Public, ); }; };
		03C67BA613590999007D817F /* ObjectUtils.h in Headers */ = {isa = PBXBuildFile; fileRef = 03C67B9B13590999007D817F /* ObjectUtils.h */; settings = {ATTRIBUTES = (Public, ); }; };
		03C67BA713590999007D817F /* ObjectUtils.m in Sources */ = {isa = PBXBuildFile; fileRef = 03C67B9C13590999007D817F /* ObjectUtils.m */; };
		03C67BA813590999007D817F /* ObjectUtils.m in Sources */ = {isa = PBXBuildFile; fileRef = 03C67B9C13590999007D817F /* ObjectUtils.m */; };
		03C67BA913590999007D817F /* PropertyUtils.h in Headers */ = {isa = PBXBuildFile; fileRef = 03C67B9D13590999007D817F /* PropertyUtils.h */; settings = {ATTRIBUTES = (Public, ); }; };
		03C67BAA13590999007D817F /* PropertyUtils.h in Headers */ = {isa = PBXBuildFile; fileRef = 03C67B9D13590999007D817F /* PropertyUtils.h */; settings = {ATTRIBUTES = (Public, ); }; };
		03C67BAB13590999007D817F /* PropertyUtils.m in Sources */ = {isa = PBXBuildFile; fileRef = 03C67B9E13590999007D817F /* PropertyUtils.m */; };
		03C67BAC13590999007D817F /* PropertyUtils.m in Sources */ = {isa = PBXBuildFile; fileRef = 03C67B9E13590999007D817F /* PropertyUtils.m */; };
		03C67BAD13590999007D817F /* StringUtils.h in Headers */ = {isa = PBXBuildFile; fileRef = 03C67B9F13590999007D817F /* StringUtils.h */; settings = {ATTRIBUTES = (Public, ); }; };
		03C67BAE13590999007D817F /* StringUtils.h in Headers */ = {isa = PBXBuildFile; fileRef = 03C67B9F13590999007D817F /* StringUtils.h */; settings = {ATTRIBUTES = (Public, ); }; };
		03C67BAF13590999007D817F /* StringUtils.mm in Sources */ = {isa = PBXBuildFile; fileRef = 03C67BA013590999007D817F /* StringUtils.mm */; };
		03C67BB013590999007D817F /* StringUtils.mm in Sources */ = {isa = PBXBuildFile; fileRef = 03C67BA013590999007D817F /* StringUtils.mm */; };
		03C67BB2135909B3007D817F /* math_utils.hpp in Headers */ = {isa = PBXBuildFile; fileRef = 03C67BB1135909B3007D817F /* math_utils.hpp */; settings = {ATTRIBUTES = (Public, ); }; };
		03C67BB313590A04007D817F /* math_utils.hpp in Headers */ = {isa = PBXBuildFile; fileRef = 03C67BB1135909B3007D817F /* math_utils.hpp */; settings = {ATTRIBUTES = (Public, ); }; };
		03E490CF135E3566002E60B8 /* CNetworkActivity.h in Headers */ = {isa = PBXBuildFile; fileRef = 03E490CD135E3566002E60B8 /* CNetworkActivity.h */; settings = {ATTRIBUTES = (Public, ); }; };
		03E490D0135E3566002E60B8 /* CNetworkActivity.h in Headers */ = {isa = PBXBuildFile; fileRef = 03E490CD135E3566002E60B8 /* CNetworkActivity.h */; settings = {ATTRIBUTES = (Public, ); }; };
		03E490D1135E3566002E60B8 /* CNetworkActivity.m in Sources */ = {isa = PBXBuildFile; fileRef = 03E490CE135E3566002E60B8 /* CNetworkActivity.m */; };
		03E490D2135E3566002E60B8 /* CNetworkActivity.m in Sources */ = {isa = PBXBuildFile; fileRef = 03E490CE135E3566002E60B8 /* CNetworkActivity.m */; };
/* End PBXBuildFile section */

/* Begin PBXFileReference section */
		0329C6A8136B4BC100ADD84D /* gl_utils.cpp */ = {isa = PBXFileReference; fileEncoding = 4; lastKnownFileType = sourcecode.cpp.cpp; name = gl_utils.cpp; path = CPP/arciem/gl_utils.cpp; sourceTree = SOURCE_ROOT; };
		0329C6A9136B4BC100ADD84D /* gl_utils.hpp */ = {isa = PBXFileReference; fileEncoding = 4; lastKnownFileType = sourcecode.cpp.h; name = gl_utils.hpp; path = CPP/arciem/gl_utils.hpp; sourceTree = SOURCE_ROOT; };
		03790BDF1368A31600490499 /* UIViewUtils.h */ = {isa = PBXFileReference; fileEncoding = 4; lastKnownFileType = sourcecode.c.h; name = UIViewUtils.h; path = iOS/arciem/UIViewUtils.h; sourceTree = SOURCE_ROOT; };
		03790BE01368A31600490499 /* UIViewUtils.mm */ = {isa = PBXFileReference; fileEncoding = 4; lastKnownFileType = sourcecode.cpp.objcpp; name = UIViewUtils.mm; path = iOS/arciem/UIViewUtils.mm; sourceTree = SOURCE_ROOT; };
		03790BE61368A36800490499 /* CGUtils.h */ = {isa = PBXFileReference; fileEncoding = 4; lastKnownFileType = sourcecode.c.h; name = CGUtils.h; path = iOS/arciem/CGUtils.h; sourceTree = SOURCE_ROOT; };
		03790BE71368A36800490499 /* CGUtils.mm */ = {isa = PBXFileReference; fileEncoding = 4; lastKnownFileType = sourcecode.cpp.objcpp; name = CGUtils.mm; path = iOS/arciem/CGUtils.mm; sourceTree = SOURCE_ROOT; };
		03790BEC1368A3F200490499 /* random.cpp */ = {isa = PBXFileReference; fileEncoding = 4; lastKnownFileType = sourcecode.cpp.cpp; name = random.cpp; path = CPP/arciem/random.cpp; sourceTree = SOURCE_ROOT; };
		03790BED1368A3F200490499 /* random.hpp */ = {isa = PBXFileReference; fileEncoding = 4; lastKnownFileType = sourcecode.cpp.h; name = random.hpp; path = CPP/arciem/random.hpp; sourceTree = SOURCE_ROOT; };
		03790C0F1368A63300490499 /* Geom.h */ = {isa = PBXFileReference; fileEncoding = 4; lastKnownFileType = sourcecode.c.h; name = Geom.h; path = ObjC/arciem/Geom.h; sourceTree = SOURCE_ROOT; };
		03790C101368A63300490499 /* Geom.m */ = {isa = PBXFileReference; fileEncoding = 4; lastKnownFileType = sourcecode.c.objc; name = Geom.m; path = ObjC/arciem/Geom.m; sourceTree = SOURCE_ROOT; };
		03790C161368A6F400490499 /* UIColorUtils.h */ = {isa = PBXFileReference; fileEncoding = 4; lastKnownFileType = sourcecode.c.h; name = UIColorUtils.h; path = iOS/arciem/UIColorUtils.h; sourceTree = SOURCE_ROOT; };
		03790C171368A6F400490499 /* UIColorUtils.m */ = {isa = PBXFileReference; fileEncoding = 4; lastKnownFileType = sourcecode.c.objc; name = UIColorUtils.m; path = iOS/arciem/UIColorUtils.m; sourceTree = SOURCE_ROOT; };
		03790C1C1368ACA600490499 /* UIImageUtils.h */ = {isa = PBXFileReference; fileEncoding = 4; lastKnownFileType = sourcecode.c.h; name = UIImageUtils.h; path = iOS/arciem/UIImageUtils.h; sourceTree = SOURCE_ROOT; };
		03790C1D1368ACA600490499 /* UIImageUtils.m */ = {isa = PBXFileReference; fileEncoding = 4; lastKnownFileType = sourcecode.c.objc; name = UIImageUtils.m; path = iOS/arciem/UIImageUtils.m; sourceTree = SOURCE_ROOT; };
		03790C221368B0F100490499 /* ThreadUtils.h */ = {isa = PBXFileReference; fileEncoding = 4; lastKnownFileType = sourcecode.c.h; name = ThreadUtils.h; path = ObjC/arciem/ThreadUtils.h; sourceTree = SOURCE_ROOT; };
		03790C231368B0F100490499 /* ThreadUtils.m */ = {isa = PBXFileReference; fileEncoding = 4; lastKnownFileType = sourcecode.c.objc; name = ThreadUtils.m; path = ObjC/arciem/ThreadUtils.m; sourceTree = SOURCE_ROOT; };
		03790C4E1368D67F00490499 /* CGLView.h */ = {isa = PBXFileReference; fileEncoding = 4; lastKnownFileType = sourcecode.c.h; name = CGLView.h; path = iOS/arciem/CGLView.h; sourceTree = SOURCE_ROOT; };
		03790C4F1368D67F00490499 /* CGLView.m */ = {isa = PBXFileReference; fileEncoding = 4; lastKnownFileType = sourcecode.c.objc; name = CGLView.m; path = iOS/arciem/CGLView.m; sourceTree = SOURCE_ROOT; };
		03790C501368D67F00490499 /* CGLRenderer.h */ = {isa = PBXFileReference; fileEncoding = 4; lastKnownFileType = sourcecode.c.h; name = CGLRenderer.h; path = iOS/arciem/CGLRenderer.h; sourceTree = SOURCE_ROOT; };
		03790C571368ED8700490499 /* GLUtils.h */ = {isa = PBXFileReference; fileEncoding = 4; lastKnownFileType = sourcecode.c.h; name = GLUtils.h; path = iOS/arciem/GLUtils.h; sourceTree = SOURCE_ROOT; };
		03790C581368ED8700490499 /* GLUtils.m */ = {isa = PBXFileReference; fileEncoding = 4; lastKnownFileType = sourcecode.c.objc; name = GLUtils.m; path = iOS/arciem/GLUtils.m; sourceTree = SOURCE_ROOT; };
		038790291366527F008DF901 /* CQuantity.h */ = {isa = PBXFileReference; fileEncoding = 4; lastKnownFileType = sourcecode.c.h; name = CQuantity.h; path = ObjC/arciem/CQuantity.h; sourceTree = SOURCE_ROOT; };
		0387902A1366527F008DF901 /* CQuantity.m */ = {isa = PBXFileReference; fileEncoding = 4; lastKnownFileType = sourcecode.c.objc; name = CQuantity.m; path = ObjC/arciem/CQuantity.m; sourceTree = SOURCE_ROOT; };
		03BF4767135CDA22001507D6 /* NibUtils.h */ = {isa = PBXFileReference; fileEncoding = 4; lastKnownFileType = sourcecode.c.h; name = NibUtils.h; path = iOS/arciem/NibUtils.h; sourceTree = SOURCE_ROOT; };
		03BF4768135CDA22001507D6 /* NibUtils.m */ = {isa = PBXFileReference; fileEncoding = 4; lastKnownFileType = sourcecode.c.objc; name = NibUtils.m; path = iOS/arciem/NibUtils.m; sourceTree = SOURCE_ROOT; };
		03BF47DA135D084A001507D6 /* RKClient+Blocks.h */ = {isa = PBXFileReference; fileEncoding = 4; lastKnownFileType = sourcecode.c.h; path = "RKClient+Blocks.h"; sourceTree = "<group>"; };
		03BF47DB135D084A001507D6 /* RKClient+Blocks.m */ = {isa = PBXFileReference; fileEncoding = 4; lastKnownFileType = sourcecode.c.objc; path = "RKClient+Blocks.m"; sourceTree = "<group>"; };
		03C67B3A1358D9F8007D817F /* libArciem-iphoneos.a */ = {isa = PBXFileReference; explicitFileType = archive.ar; includeInIndex = 0; path = "libArciem-iphoneos.a"; sourceTree = BUILT_PRODUCTS_DIR; };
		03C67B3D1358D9F8007D817F /* Foundation.framework */ = {isa = PBXFileReference; lastKnownFileType = wrapper.framework; name = Foundation.framework; path = System/Library/Frameworks/Foundation.framework; sourceTree = SDKROOT; };
		03C67B411358D9F8007D817F /* LibArciem-Prefix.pch */ = {isa = PBXFileReference; lastKnownFileType = sourcecode.c.h; name = "LibArciem-Prefix.pch"; path = "iOS/LibArciem-Prefix.pch"; sourceTree = "<group>"; };
		03C67B531358DC1E007D817F /* libArciem-iphonesimulator.a */ = {isa = PBXFileReference; explicitFileType = archive.ar; includeInIndex = 0; path = "libArciem-iphonesimulator.a"; sourceTree = BUILT_PRODUCTS_DIR; };
		03C67B541358DFDB007D817F /* DeviceUtils.h */ = {isa = PBXFileReference; fileEncoding = 4; lastKnownFileType = sourcecode.c.h; name = DeviceUtils.h; path = iOS/arciem/DeviceUtils.h; sourceTree = SOURCE_ROOT; };
		03C67B551358DFDB007D817F /* DeviceUtils.mm */ = {isa = PBXFileReference; fileEncoding = 4; lastKnownFileType = sourcecode.cpp.objcpp; name = DeviceUtils.mm; path = iOS/arciem/DeviceUtils.mm; sourceTree = SOURCE_ROOT; };
		03C67B9913590999007D817F /* CLog.h */ = {isa = PBXFileReference; fileEncoding = 4; lastKnownFileType = sourcecode.c.h; name = CLog.h; path = ObjC/arciem/CLog.h; sourceTree = SOURCE_ROOT; };
		03C67B9A13590999007D817F /* CLog.m */ = {isa = PBXFileReference; fileEncoding = 4; lastKnownFileType = sourcecode.c.objc; name = CLog.m; path = ObjC/arciem/CLog.m; sourceTree = SOURCE_ROOT; };
		03C67B9B13590999007D817F /* ObjectUtils.h */ = {isa = PBXFileReference; fileEncoding = 4; lastKnownFileType = sourcecode.c.h; name = ObjectUtils.h; path = ObjC/arciem/ObjectUtils.h; sourceTree = SOURCE_ROOT; };
		03C67B9C13590999007D817F /* ObjectUtils.m */ = {isa = PBXFileReference; fileEncoding = 4; lastKnownFileType = sourcecode.c.objc; name = ObjectUtils.m; path = ObjC/arciem/ObjectUtils.m; sourceTree = SOURCE_ROOT; };
		03C67B9D13590999007D817F /* PropertyUtils.h */ = {isa = PBXFileReference; fileEncoding = 4; lastKnownFileType = sourcecode.c.h; name = PropertyUtils.h; path = ObjC/arciem/PropertyUtils.h; sourceTree = SOURCE_ROOT; };
		03C67B9E13590999007D817F /* PropertyUtils.m */ = {isa = PBXFileReference; fileEncoding = 4; lastKnownFileType = sourcecode.c.objc; name = PropertyUtils.m; path = ObjC/arciem/PropertyUtils.m; sourceTree = SOURCE_ROOT; };
		03C67B9F13590999007D817F /* StringUtils.h */ = {isa = PBXFileReference; fileEncoding = 4; lastKnownFileType = sourcecode.c.h; name = StringUtils.h; path = ObjC/arciem/StringUtils.h; sourceTree = SOURCE_ROOT; };
		03C67BA013590999007D817F /* StringUtils.mm */ = {isa = PBXFileReference; fileEncoding = 4; lastKnownFileType = sourcecode.cpp.objcpp; name = StringUtils.mm; path = ObjC/arciem/StringUtils.mm; sourceTree = SOURCE_ROOT; };
		03C67BB1135909B3007D817F /* math_utils.hpp */ = {isa = PBXFileReference; fileEncoding = 4; lastKnownFileType = sourcecode.cpp.h; name = math_utils.hpp; path = CPP/arciem/math_utils.hpp; sourceTree = SOURCE_ROOT; };
		03E490CD135E3566002E60B8 /* CNetworkActivity.h */ = {isa = PBXFileReference; fileEncoding = 4; lastKnownFileType = sourcecode.c.h; name = CNetworkActivity.h; path = iOS/arciem/CNetworkActivity.h; sourceTree = SOURCE_ROOT; };
		03E490CE135E3566002E60B8 /* CNetworkActivity.m */ = {isa = PBXFileReference; fileEncoding = 4; lastKnownFileType = sourcecode.c.objc; name = CNetworkActivity.m; path = iOS/arciem/CNetworkActivity.m; sourceTree = SOURCE_ROOT; };
/* End PBXFileReference section */

/* Begin PBXFrameworksBuildPhase section */
		03C67B371358D9F8007D817F /* Frameworks */ = {
			isa = PBXFrameworksBuildPhase;
			buildActionMask = 2147483647;
			files = (
				03C67B3E1358D9F8007D817F /* Foundation.framework in Frameworks */,
			);
			runOnlyForDeploymentPostprocessing = 0;
		};
		03C67B4D1358DC1E007D817F /* Frameworks */ = {
			isa = PBXFrameworksBuildPhase;
			buildActionMask = 2147483647;
			files = (
				03C67B4E1358DC1E007D817F /* Foundation.framework in Frameworks */,
			);
			runOnlyForDeploymentPostprocessing = 0;
		};
/* End PBXFrameworksBuildPhase section */

/* Begin PBXGroup section */
		03BF47D9135D084A001507D6 /* RestKit */ = {
			isa = PBXGroup;
			children = (
				03BF47DA135D084A001507D6 /* RKClient+Blocks.h */,
				03BF47DB135D084A001507D6 /* RKClient+Blocks.m */,
			);
			name = RestKit;
			path = ObjC/arciem/RestKit;
			sourceTree = SOURCE_ROOT;
		};
		03C67B2F1358D9F8007D817F = {
			isa = PBXGroup;
			children = (
				03C67B3F1358D9F8007D817F /* LibArciem */,
				03C67B3C1358D9F8007D817F /* Frameworks */,
				03C67B3B1358D9F8007D817F /* Products */,
			);
			sourceTree = "<group>";
		};
		03C67B3B1358D9F8007D817F /* Products */ = {
			isa = PBXGroup;
			children = (
				03C67B3A1358D9F8007D817F /* libArciem-iphoneos.a */,
				03C67B531358DC1E007D817F /* libArciem-iphonesimulator.a */,
			);
			name = Products;
			sourceTree = "<group>";
		};
		03C67B3C1358D9F8007D817F /* Frameworks */ = {
			isa = PBXGroup;
			children = (
				03C67B3D1358D9F8007D817F /* Foundation.framework */,
			);
			name = Frameworks;
			sourceTree = "<group>";
		};
		03C67B3F1358D9F8007D817F /* LibArciem */ = {
			isa = PBXGroup;
			children = (
				03C67BB1135909B3007D817F /* math_utils.hpp */,
				03790BEC1368A3F200490499 /* random.cpp */,
				03790BED1368A3F200490499 /* random.hpp */,
				0329C6A8136B4BC100ADD84D /* gl_utils.cpp */,
				0329C6A9136B4BC100ADD84D /* gl_utils.hpp */,
				03C67B9913590999007D817F /* CLog.h */,
				03C67B9A13590999007D817F /* CLog.m */,
				03C67B9B13590999007D817F /* ObjectUtils.h */,
				03C67B9C13590999007D817F /* ObjectUtils.m */,
				03C67B9D13590999007D817F /* PropertyUtils.h */,
				03C67B9E13590999007D817F /* PropertyUtils.m */,
				03C67B9F13590999007D817F /* StringUtils.h */,
				03C67BA013590999007D817F /* StringUtils.mm */,
				03C67B541358DFDB007D817F /* DeviceUtils.h */,
				03C67B551358DFDB007D817F /* DeviceUtils.mm */,
				03BF4767135CDA22001507D6 /* NibUtils.h */,
				03BF4768135CDA22001507D6 /* NibUtils.m */,
				03E490CD135E3566002E60B8 /* CNetworkActivity.h */,
				03E490CE135E3566002E60B8 /* CNetworkActivity.m */,
				038790291366527F008DF901 /* CQuantity.h */,
				0387902A1366527F008DF901 /* CQuantity.m */,
				03790BDF1368A31600490499 /* UIViewUtils.h */,
				03790BE01368A31600490499 /* UIViewUtils.mm */,
				03790BE61368A36800490499 /* CGUtils.h */,
				03790BE71368A36800490499 /* CGUtils.mm */,
				03790C0F1368A63300490499 /* Geom.h */,
				03790C101368A63300490499 /* Geom.m */,
				03790C161368A6F400490499 /* UIColorUtils.h */,
				03790C171368A6F400490499 /* UIColorUtils.m */,
				03790C1C1368ACA600490499 /* UIImageUtils.h */,
				03790C1D1368ACA600490499 /* UIImageUtils.m */,
				03790C221368B0F100490499 /* ThreadUtils.h */,
				03790C231368B0F100490499 /* ThreadUtils.m */,
				03790C501368D67F00490499 /* CGLRenderer.h */,
				03790C4E1368D67F00490499 /* CGLView.h */,
				03790C4F1368D67F00490499 /* CGLView.m */,
				03790C571368ED8700490499 /* GLUtils.h */,
				03790C581368ED8700490499 /* GLUtils.m */,
				03BF47D9135D084A001507D6 /* RestKit */,
				03C67B401358D9F8007D817F /* Supporting Files */,
			);
			path = LibArciem;
			sourceTree = "<group>";
		};
		03C67B401358D9F8007D817F /* Supporting Files */ = {
			isa = PBXGroup;
			children = (
				03C67B411358D9F8007D817F /* LibArciem-Prefix.pch */,
			);
			name = "Supporting Files";
			sourceTree = "<group>";
		};
/* End PBXGroup section */

/* Begin PBXHeadersBuildPhase section */
		03C67B381358D9F8007D817F /* Headers */ = {
			isa = PBXHeadersBuildPhase;
			buildActionMask = 2147483647;
			files = (
				03C67B561358DFDB007D817F /* DeviceUtils.h in Headers */,
				03C67BA113590999007D817F /* CLog.h in Headers */,
				03C67BA513590999007D817F /* ObjectUtils.h in Headers */,
				03C67BA913590999007D817F /* PropertyUtils.h in Headers */,
				03C67BAD13590999007D817F /* StringUtils.h in Headers */,
				03C67BB2135909B3007D817F /* math_utils.hpp in Headers */,
				03BF4769135CDA22001507D6 /* NibUtils.h in Headers */,
				03BF47E7135D0938001507D6 /* RKClient+Blocks.h in Headers */,
				03E490CF135E3566002E60B8 /* CNetworkActivity.h in Headers */,
				0387902B1366527F008DF901 /* CQuantity.h in Headers */,
				03790BE11368A31600490499 /* UIViewUtils.h in Headers */,
				03790BE81368A36800490499 /* CGUtils.h in Headers */,
				03790BF01368A3F200490499 /* random.hpp in Headers */,
				03790C111368A63300490499 /* Geom.h in Headers */,
				03790C181368A6F400490499 /* UIColorUtils.h in Headers */,
				03790C1E1368ACA600490499 /* UIImageUtils.h in Headers */,
				03790C241368B0F100490499 /* ThreadUtils.h in Headers */,
				03790C511368D68000490499 /* CGLView.h in Headers */,
				03790C551368D68000490499 /* CGLRenderer.h in Headers */,
				03790C591368ED8800490499 /* GLUtils.h in Headers */,
				0329C6AC136B4BC100ADD84D /* gl_utils.hpp in Headers */,
			);
			runOnlyForDeploymentPostprocessing = 0;
		};
		03C67B4F1358DC1E007D817F /* Headers */ = {
			isa = PBXHeadersBuildPhase;
			buildActionMask = 2147483647;
			files = (
				03C67B571358DFDB007D817F /* DeviceUtils.h in Headers */,
				03C67BA213590999007D817F /* CLog.h in Headers */,
				03C67BA613590999007D817F /* ObjectUtils.h in Headers */,
				03C67BAA13590999007D817F /* PropertyUtils.h in Headers */,
				03C67BAE13590999007D817F /* StringUtils.h in Headers */,
				03C67BB313590A04007D817F /* math_utils.hpp in Headers */,
				03BF476A135CDA22001507D6 /* NibUtils.h in Headers */,
				03BF47E6135D092E001507D6 /* RKClient+Blocks.h in Headers */,
				03E490D0135E3566002E60B8 /* CNetworkActivity.h in Headers */,
				0387902C1366527F008DF901 /* CQuantity.h in Headers */,
				03790BE21368A31600490499 /* UIViewUtils.h in Headers */,
				03790BE91368A36800490499 /* CGUtils.h in Headers */,
				03790BF11368A3F200490499 /* random.hpp in Headers */,
				03790C121368A63300490499 /* Geom.h in Headers */,
				03790C191368A6F400490499 /* UIColorUtils.h in Headers */,
				03790C1F1368ACA600490499 /* UIImageUtils.h in Headers */,
				03790C251368B0F100490499 /* ThreadUtils.h in Headers */,
				03790C521368D68000490499 /* CGLView.h in Headers */,
				03790C561368D68000490499 /* CGLRenderer.h in Headers */,
				03790C5A1368ED8800490499 /* GLUtils.h in Headers */,
				0329C6AD136B4BC100ADD84D /* gl_utils.hpp in Headers */,
			);
			runOnlyForDeploymentPostprocessing = 0;
		};
/* End PBXHeadersBuildPhase section */

/* Begin PBXNativeTarget section */
		03C67B391358D9F8007D817F /* LibArciem-iphoneos */ = {
			isa = PBXNativeTarget;
			buildConfigurationList = 03C67B441358D9F8007D817F /* Build configuration list for PBXNativeTarget "LibArciem-iphoneos" */;
			buildPhases = (
				03C67B381358D9F8007D817F /* Headers */,
				03C67B361358D9F8007D817F /* Sources */,
				03C67B371358D9F8007D817F /* Frameworks */,
			);
			buildRules = (
			);
			dependencies = (
			);
			name = "LibArciem-iphoneos";
			productName = LibArciem;
			productReference = 03C67B3A1358D9F8007D817F /* libArciem-iphoneos.a */;
			productType = "com.apple.product-type.library.static";
		};
		03C67B4B1358DC1E007D817F /* LibArciem-iphonesimulator */ = {
			isa = PBXNativeTarget;
			buildConfigurationList = 03C67B501358DC1E007D817F /* Build configuration list for PBXNativeTarget "LibArciem-iphonesimulator" */;
			buildPhases = (
				03C67B4F1358DC1E007D817F /* Headers */,
				03C67B4C1358DC1E007D817F /* Sources */,
				03C67B4D1358DC1E007D817F /* Frameworks */,
			);
			buildRules = (
			);
			dependencies = (
			);
			name = "LibArciem-iphonesimulator";
			productName = LibArciem;
			productReference = 03C67B531358DC1E007D817F /* libArciem-iphonesimulator.a */;
			productType = "com.apple.product-type.library.static";
		};
/* End PBXNativeTarget section */

/* Begin PBXProject section */
		03C67B311358D9F8007D817F /* Project object */ = {
			isa = PBXProject;
			buildConfigurationList = 03C67B341358D9F8007D817F /* Build configuration list for PBXProject "LibArciem" */;
			compatibilityVersion = "Xcode 3.2";
			developmentRegion = English;
			hasScannedForEncodings = 0;
			knownRegions = (
				en,
			);
			mainGroup = 03C67B2F1358D9F8007D817F;
			productRefGroup = 03C67B3B1358D9F8007D817F /* Products */;
			projectDirPath = "";
			projectRoot = "";
			targets = (
				03C67B391358D9F8007D817F /* LibArciem-iphoneos */,
				03C67B4B1358DC1E007D817F /* LibArciem-iphonesimulator */,
			);
		};
/* End PBXProject section */

/* Begin PBXSourcesBuildPhase section */
		03C67B361358D9F8007D817F /* Sources */ = {
			isa = PBXSourcesBuildPhase;
			buildActionMask = 2147483647;
			files = (
				03C67B581358DFDB007D817F /* DeviceUtils.mm in Sources */,
				03C67BA313590999007D817F /* CLog.m in Sources */,
				03C67BA713590999007D817F /* ObjectUtils.m in Sources */,
				03C67BAB13590999007D817F /* PropertyUtils.m in Sources */,
				03C67BAF13590999007D817F /* StringUtils.mm in Sources */,
				03BF476B135CDA22001507D6 /* NibUtils.m in Sources */,
				03E490D1135E3566002E60B8 /* CNetworkActivity.m in Sources */,
				0387902D1366527F008DF901 /* CQuantity.m in Sources */,
				03790BE31368A31600490499 /* UIViewUtils.mm in Sources */,
				03790BEA1368A36800490499 /* CGUtils.mm in Sources */,
				03790BEE1368A3F200490499 /* random.cpp in Sources */,
				03790C131368A63300490499 /* Geom.m in Sources */,
				03790C1A1368A6F400490499 /* UIColorUtils.m in Sources */,
				03790C201368ACA600490499 /* UIImageUtils.m in Sources */,
				03790C261368B0F100490499 /* ThreadUtils.m in Sources */,
				03790C531368D68000490499 /* CGLView.m in Sources */,
				03790C5B1368ED8800490499 /* GLUtils.m in Sources */,
				0329C6AA136B4BC100ADD84D /* gl_utils.cpp in Sources */,
			);
			runOnlyForDeploymentPostprocessing = 0;
		};
		03C67B4C1358DC1E007D817F /* Sources */ = {
			isa = PBXSourcesBuildPhase;
			buildActionMask = 2147483647;
			files = (
				03C67B591358DFDB007D817F /* DeviceUtils.mm in Sources */,
				03C67BA413590999007D817F /* CLog.m in Sources */,
				03C67BA813590999007D817F /* ObjectUtils.m in Sources */,
				03C67BAC13590999007D817F /* PropertyUtils.m in Sources */,
				03C67BB013590999007D817F /* StringUtils.mm in Sources */,
				03BF476C135CDA22001507D6 /* NibUtils.m in Sources */,
				03E490D2135E3566002E60B8 /* CNetworkActivity.m in Sources */,
				0387902E1366527F008DF901 /* CQuantity.m in Sources */,
				03790BE41368A31600490499 /* UIViewUtils.mm in Sources */,
				03790BEB1368A36800490499 /* CGUtils.mm in Sources */,
				03790BEF1368A3F200490499 /* random.cpp in Sources */,
				03790C141368A63300490499 /* Geom.m in Sources */,
				03790C1B1368A6F400490499 /* UIColorUtils.m in Sources */,
				03790C211368ACA600490499 /* UIImageUtils.m in Sources */,
				03790C271368B0F100490499 /* ThreadUtils.m in Sources */,
				03790C541368D68000490499 /* CGLView.m in Sources */,
				03790C5C1368ED8800490499 /* GLUtils.m in Sources */,
				0329C6AB136B4BC100ADD84D /* gl_utils.cpp in Sources */,
			);
			runOnlyForDeploymentPostprocessing = 0;
		};
/* End PBXSourcesBuildPhase section */

/* Begin XCBuildConfiguration section */
		03C67B421358D9F8007D817F /* Debug */ = {
			isa = XCBuildConfiguration;
			buildSettings = {
				CONFIGURATION_BUILD_DIR = "$(BUILD_DIR)/$(CONFIGURATION)";
				GCC_C_LANGUAGE_STANDARD = gnu99;
				GCC_INPUT_FILETYPE = sourcecode.cpp.objcpp;
				GCC_OPTIMIZATION_LEVEL = 0;
				GCC_PREPROCESSOR_DEFINITIONS = DEBUG;
				GCC_SYMBOLS_PRIVATE_EXTERN = NO;
				GCC_VERSION = com.apple.compilers.llvm.clang.1_0;
				GCC_WARN_ABOUT_RETURN_TYPE = YES;
				GCC_WARN_UNUSED_VARIABLE = YES;
				IPHONEOS_DEPLOYMENT_TARGET = 4.3;
				OTHER_LDFLAGS = "-ObjC";
				PUBLIC_HEADERS_FOLDER_PATH = include/LibArciem;
				SDKROOT = iphoneos;
			};
			name = Debug;
		};
		03C67B431358D9F8007D817F /* Release */ = {
			isa = XCBuildConfiguration;
			buildSettings = {
				CONFIGURATION_BUILD_DIR = "$(BUILD_DIR)/$(CONFIGURATION)";
				GCC_C_LANGUAGE_STANDARD = gnu99;
				GCC_INPUT_FILETYPE = sourcecode.cpp.objcpp;
				GCC_VERSION = com.apple.compilers.llvm.clang.1_0;
				GCC_WARN_ABOUT_RETURN_TYPE = YES;
				GCC_WARN_UNUSED_VARIABLE = YES;
				IPHONEOS_DEPLOYMENT_TARGET = 4.3;
				OTHER_LDFLAGS = "-ObjC";
				PUBLIC_HEADERS_FOLDER_PATH = include/LibArciem;
				SDKROOT = iphoneos;
			};
			name = Release;
		};
		03C67B451358D9F8007D817F /* Debug */ = {
			isa = XCBuildConfiguration;
			buildSettings = {
				ALWAYS_SEARCH_USER_PATHS = NO;
				ARCHS = (
					armv6,
					armv7,
				);
				DSTROOT = /tmp/LibArciem.dst;
				GCC_PRECOMPILE_PREFIX_HEADER = YES;
				GCC_PREFIX_HEADER = "iOS/LibArciem-Prefix.pch";
				PRODUCT_NAME = "Arciem-iphoneos";
				SUPPORTED_PLATFORMS = iphoneos;
				VALID_ARCHS = "armv6 armv7";
			};
			name = Debug;
		};
		03C67B461358D9F8007D817F /* Release */ = {
			isa = XCBuildConfiguration;
			buildSettings = {
				ALWAYS_SEARCH_USER_PATHS = NO;
				ARCHS = (
					armv6,
					armv7,
				);
				DSTROOT = /tmp/LibArciem.dst;
				GCC_PRECOMPILE_PREFIX_HEADER = YES;
				GCC_PREFIX_HEADER = "iOS/LibArciem-Prefix.pch";
				PRODUCT_NAME = "Arciem-iphoneos";
				SUPPORTED_PLATFORMS = iphoneos;
				VALID_ARCHS = "armv6 armv7";
			};
			name = Release;
		};
		03C67B511358DC1E007D817F /* Debug */ = {
			isa = XCBuildConfiguration;
			buildSettings = {
				ALWAYS_SEARCH_USER_PATHS = NO;
				ARCHS = i386;
				DSTROOT = /tmp/LibArciem.dst;
				GCC_PRECOMPILE_PREFIX_HEADER = YES;
				GCC_PREFIX_HEADER = "iOS/LibArciem-Prefix.pch";
				PRODUCT_NAME = "Arciem-iphonesimulator";
				SUPPORTED_PLATFORMS = iphonesimulator;
				VALID_ARCHS = i386;
			};
			name = Debug;
		};
		03C67B521358DC1E007D817F /* Release */ = {
			isa = XCBuildConfiguration;
			buildSettings = {
				ALWAYS_SEARCH_USER_PATHS = NO;
				ARCHS = i386;
				DSTROOT = /tmp/LibArciem.dst;
				GCC_PRECOMPILE_PREFIX_HEADER = YES;
				GCC_PREFIX_HEADER = "iOS/LibArciem-Prefix.pch";
				PRODUCT_NAME = "Arciem-iphonesimulator";
				SUPPORTED_PLATFORMS = iphonesimulator;
				VALID_ARCHS = i386;
			};
			name = Release;
		};
/* End XCBuildConfiguration section */

/* Begin XCConfigurationList section */
		03C67B341358D9F8007D817F /* Build configuration list for PBXProject "LibArciem" */ = {
			isa = XCConfigurationList;
			buildConfigurations = (
				03C67B421358D9F8007D817F /* Debug */,
				03C67B431358D9F8007D817F /* Release */,
			);
			defaultConfigurationIsVisible = 0;
			defaultConfigurationName = Release;
		};
		03C67B441358D9F8007D817F /* Build configuration list for PBXNativeTarget "LibArciem-iphoneos" */ = {
			isa = XCConfigurationList;
			buildConfigurations = (
				03C67B451358D9F8007D817F /* Debug */,
				03C67B461358D9F8007D817F /* Release */,
			);
			defaultConfigurationIsVisible = 0;
			defaultConfigurationName = Release;
		};
		03C67B501358DC1E007D817F /* Build configuration list for PBXNativeTarget "LibArciem-iphonesimulator" */ = {
			isa = XCConfigurationList;
			buildConfigurations = (
				03C67B511358DC1E007D817F /* Debug */,
				03C67B521358DC1E007D817F /* Release */,
			);
			defaultConfigurationIsVisible = 0;
			defaultConfigurationName = Release;
		};
/* End XCConfigurationList section */
	};
	rootObject = 03C67B311358D9F8007D817F /* Project object */;
}
